Microsoft Visual Studio Solution File, Format Version 12.00
# Visual Studio Version 16
VisualStudioVersion = 16.0.29215.179
MinimumVisualStudioVersion = 10.0.40219.1
Project("{6EC3EE1D-3C4E-46DD-8F32-0CC8E7565705}") = "Adaptify.Compiler.Core", "src\Adaptify.Compiler.Core\Adaptify.Compiler.Core.fsproj", "{AB9C8BA2-30D3-43AD-A6C0-7AF49FB6BAED}"
EndProject
Project("{6EC3EE1D-3C4E-46DD-8F32-0CC8E7565705}") = "Adaptify.Core", "src\Adaptify.Core\Adaptify.Core.fsproj", "{DC4E9D5B-BDB2-42EE-AA22-97632B377303}"
EndProject
Project("{6EC3EE1D-3C4E-46DD-8F32-0CC8E7565705}") = "Adaptify.Compiler", "src\Adaptify.Compiler\Adaptify.Compiler.fsproj", "{E823BD28-CFED-486F-AED7-5EF54354E579}"
EndProject
Project("{2150E333-8FDC-42A3-9474-1A3956D46DE8}") = "Compiler", "Compiler", "{F28EFCED-51C1-4D6E-94CA-BA7C84247CFC}"
EndProject
Project("{6EC3EE1D-3C4E-46DD-8F32-0CC8E7565705}") = "Adaptify.MSBuild.DotNet", "src\Adaptify.MSBuild.DotNet\Adaptify.MSBuild.DotNet.fsproj", "{C11D497B-ACCA-4B76-8A41-71C5E7EC5E30}"
EndProject
Project("{6EC3EE1D-3C4E-46DD-8F32-0CC8E7565705}") = "Adaptify.MSBuild.Framework", "src\Adaptify.MSBuild.Framework\Adaptify.MSBuild.Framework.fsproj", "{D6A22C39-5EC6-4D89-A5A4-69DB10BB6AAF}"
EndProject
Global
	GlobalSection(SolutionConfigurationPlatforms) = preSolution
		Debug|Any CPU = Debug|Any CPU
		Release|Any CPU = Release|Any CPU
	EndGlobalSection
	GlobalSection(ProjectConfigurationPlatforms) = postSolution
		{AB9C8BA2-30D3-43AD-A6C0-7AF49FB6BAED}.Debug|Any CPU.ActiveCfg = Debug|Any CPU
		{AB9C8BA2-30D3-43AD-A6C0-7AF49FB6BAED}.Debug|Any CPU.Build.0 = Debug|Any CPU
		{AB9C8BA2-30D3-43AD-A6C0-7AF49FB6BAED}.Release|Any CPU.ActiveCfg = Release|Any CPU
		{AB9C8BA2-30D3-43AD-A6C0-7AF49FB6BAED}.Release|Any CPU.Build.0 = Release|Any CPU
		{DC4E9D5B-BDB2-42EE-AA22-97632B377303}.Debug|Any CPU.ActiveCfg = Debug|Any CPU
		{DC4E9D5B-BDB2-42EE-AA22-97632B377303}.Debug|Any CPU.Build.0 = Debug|Any CPU
		{DC4E9D5B-BDB2-42EE-AA22-97632B377303}.Release|Any CPU.ActiveCfg = Release|Any CPU
		{DC4E9D5B-BDB2-42EE-AA22-97632B377303}.Release|Any CPU.Build.0 = Release|Any CPU
		{E823BD28-CFED-486F-AED7-5EF54354E579}.Debug|Any CPU.ActiveCfg = Debug|Any CPU
		{E823BD28-CFED-486F-AED7-5EF54354E579}.Debug|Any CPU.Build.0 = Debug|Any CPU
		{E823BD28-CFED-486F-AED7-5EF54354E579}.Release|Any CPU.ActiveCfg = Release|Any CPU
		{E823BD28-CFED-486F-AED7-5EF54354E579}.Release|Any CPU.Build.0 = Release|Any CPU
		{C11D497B-ACCA-4B76-8A41-71C5E7EC5E30}.Debug|Any CPU.ActiveCfg = Debug|Any CPU
		{C11D497B-ACCA-4B76-8A41-71C5E7EC5E30}.Debug|Any CPU.Build.0 = Debug|Any CPU
		{C11D497B-ACCA-4B76-8A41-71C5E7EC5E30}.Release|Any CPU.ActiveCfg = Release|Any CPU
		{C11D497B-ACCA-4B76-8A41-71C5E7EC5E30}.Release|Any CPU.Build.0 = Release|Any CPU
		{D6A22C39-5EC6-4D89-A5A4-69DB10BB6AAF}.Debug|Any CPU.ActiveCfg = Debug|Any CPU
		{D6A22C39-5EC6-4D89-A5A4-69DB10BB6AAF}.Debug|Any CPU.Build.0 = Debug|Any CPU
		{D6A22C39-5EC6-4D89-A5A4-69DB10BB6AAF}.Release|Any CPU.ActiveCfg = Release|Any CPU
		{D6A22C39-5EC6-4D89-A5A4-69DB10BB6AAF}.Release|Any CPU.Build.0 = Release|Any CPU
	EndGlobalSection
	GlobalSection(SolutionProperties) = preSolution
		HideSolutionNode = FALSE
	EndGlobalSection
	GlobalSection(NestedProjects) = preSolution
		{AB9C8BA2-30D3-43AD-A6C0-7AF49FB6BAED} = {F28EFCED-51C1-4D6E-94CA-BA7C84247CFC}
		{E823BD28-CFED-486F-AED7-5EF54354E579} = {F28EFCED-51C1-4D6E-94CA-BA7C84247CFC}
		{C11D497B-ACCA-4B76-8A41-71C5E7EC5E30} = {F28EFCED-51C1-4D6E-94CA-BA7C84247CFC}
		{D6A22C39-5EC6-4D89-A5A4-69DB10BB6AAF} = {F28EFCED-51C1-4D6E-94CA-BA7C84247CFC}
	EndGlobalSection
	GlobalSection(ExtensibilityGlobals) = postSolution
		SolutionGuid = {F3DF5A5D-D599-45D1-869E-4552860AF1BC}
	EndGlobalSection
EndGlobal
